
Microsoft Visual Studio Solution File, Format Version 12.00
# Visual Studio Version 16
VisualStudioVersion = 16.0.30907.101
MinimumVisualStudioVersion = 10.0.40219.1
Project("{FAE04EC0-301F-11D3-BF4B-00C04F79EFBC}") = "dis", "dis\dis.csproj", "{6A041490-D2C4-49A0-8006-2DBC078B97E7}"
EndProject
Global
	GlobalSection(SolutionConfigurationPlatforms) = preSolution
		Debug|Any CPU = Debug|Any CPU
		Release|Any CPU = Release|Any CPU
	EndGlobalSection
	GlobalSection(ProjectConfigurationPlatforms) = postSolution
		{6A041490-D2C4-49A0-8006-2DBC078B97E7}.Debug|Any CPU.ActiveCfg = Debug|Any CPU
		{6A041490-D2C4-49A0-8006-2DBC078B97E7}.Debug|Any CPU.Build.0 = Debug|Any CPU
		{6A041490-D2C4-49A0-8006-2DBC078B97E7}.Release|Any CPU.ActiveCfg = Release|Any CPU
		{6A041490-D2C4-49A0-8006-2DBC078B97E7}.Release|Any CPU.Build.0 = Release|Any CPU
	EndGlobalSection
	GlobalSection(SolutionProperties) = preSolution
		HideSolutionNode = FALSE
	EndGlobalSection
	GlobalSection(ExtensibilityGlobals) = postSolution
		SolutionGuid = {4B87170B-7467-4C21-8831-A2B4023A2A2A}
	EndGlobalSection
EndGlobal
